
Microsoft Visual Studio Solution File, Format Version 12.00
# Visual Studio Version 17
VisualStudioVersion = 17.4.33110.190
MinimumVisualStudioVersion = 10.0.40219.1
Project("{FAE04EC0-301F-11D3-BF4B-00C04F79EFBC}") = "Sokoban", "Sokoban\Sokoban.csproj", "{9852E930-7174-460D-ACDB-7FA2B0510297}"
EndProject
Global
	GlobalSection(SolutionConfigurationPlatforms) = preSolution
		Debug|Any CPU = Debug|Any CPU
		Release|Any CPU = Release|Any CPU
	EndGlobalSection
	GlobalSection(ProjectConfigurationPlatforms) = postSolution
		{9852E930-7174-460D-ACDB-7FA2B0510297}.Debug|Any CPU.ActiveCfg = Debug|Any CPU
		{9852E930-7174-460D-ACDB-7FA2B0510297}.Debug|Any CPU.Build.0 = Debug|Any CPU
		{9852E930-7174-460D-ACDB-7FA2B0510297}.Release|Any CPU.ActiveCfg = Release|Any CPU
		{9852E930-7174-460D-ACDB-7FA2B0510297}.Release|Any CPU.Build.0 = Release|Any CPU
	EndGlobalSection
	GlobalSection(SolutionProperties) = preSolution
		HideSolutionNode = FALSE
	EndGlobalSection
	GlobalSection(ExtensibilityGlobals) = postSolution
		SolutionGuid = {DEA0FB84-6F58-4DD0-BEE2-8801CBAFCF7B}
	EndGlobalSection
EndGlobal
